{
    "requires": true,
    "lockfileVersion": 1,
    "dependencies": {
        "file-type": {
            "version": "4.4.0",
            "resolved": "https://registry.npmjs.org/file-type/-/file-type-4.4.0.tgz",
            "integrity": "sha1-G2AOX8ofvcboDApwxxyNul95BsU="
        },
        "mime-db": {
            "version": "1.40.0",
            "resolved": "https://registry.npmjs.org/mime-db/-/mime-db-1.40.0.tgz",
            "integrity": "sha512-jYdeOMPy9vnxEqFRRo6ZvTZ8d9oPb+k18PKoYNYUe2stVEBPPwsln/qWzdbmaIvnhZ9v2P+CuecK+fpUfsV2mA=="
        },
        "mime-kind": {
            "version": "2.0.2",
            "resolved": "https://registry.npmjs.org/mime-kind/-/mime-kind-2.0.2.tgz",
            "integrity": "sha1-WkPVvr3rCCGCIk2dJjIGMp5Xzfg=",
            "requires": {
                "file-type": "^4.3.0",
                "mime-types": "^2.1.15"
            }
        },
        "mime-types": {
            "version": "2.1.24",
            "resolved": "https://registry.npmjs.org/mime-types/-/mime-types-2.1.24.tgz",
            "integrity": "sha512-WaFHS3MCl5fapm3oLxU4eYDw77IQM2ACcxQ9RIxfaC3ooc6PFuBMGZZsYpvoXS5D5QTWPieo1jjLdAm3TBP3cQ==",
            "requires": {
                "mime-db": "1.40.0"
            }
        },
        "multi-part": {
            "version": "2.0.0",
            "resolved": "https://registry.npmjs.org/multi-part/-/multi-part-2.0.0.tgz",
            "integrity": "sha1-Z09TtDL4UM+MwC0w0h8gZOMJVjw=",
            "requires": {
                "mime-kind": "^2.0.1"
            }
        },
        "node": {
            "version": "12.9.0",
            "resolved": "https://registry.npmjs.org/node/-/node-12.9.0.tgz",
            "integrity": "sha512-AvahyIZgYtIWDsH5f2hVdQ65lrPQIQ5/J8shd+2a4b6lBcbZh8omgfp/Hl7I5PFGVEEwvgOEY/341NliQ+jPHA==",
            "requires": {
                "node-bin-setup": "^1.0.0"
            }
        },
        "node-bin-setup": {
            "version": "1.0.6",
            "resolved": "https://registry.npmjs.org/node-bin-setup/-/node-bin-setup-1.0.6.tgz",
            "integrity": "sha512-uPIxXNis1CRbv1DwqAxkgBk5NFV3s7cMN/Gf556jSw6jBvV7ca4F9lRL/8cALcZecRibeqU+5dFYqFFmzv5a0Q=="
        },
        "yarl": {
            "version": "3.0.0",
            "resolved": "https://registry.npmjs.org/yarl/-/yarl-3.0.0.tgz",
            "integrity": "sha512-aU4zTwy67Ez6Av44+OByKIRM9ltessyJ8+zRYja0CSQmlHEtrp9NnurSGxhIeTLuLZEYT4aina2wOvQJPmpFqw==",
            "requires": {
                "multi-part": "^2.0.0"
            }
        }
    }
}
